
Microsoft Visual Studio Solution File, Format Version 12.00
# Visual Studio 15
VisualStudioVersion = 15.0.28010.2048
MinimumVisualStudioVersion = 10.0.40219.1
Project("{FAE04EC0-301F-11D3-BF4B-00C04F79EFBC}") = "WeatherApp.Android", "WeatherApp\WeatherApp.Android\WeatherApp.Android.csproj", "{A9BFE777-656D-4332-8D29-E7E2E89A4230}"
EndProject
Project("{FAE04EC0-301F-11D3-BF4B-00C04F79EFBC}") = "WeatherApp.iOS", "WeatherApp\WeatherApp.iOS\WeatherApp.iOS.csproj", "{B4B0A148-755C-4D76-9953-DAD6A8D31930}"
EndProject
Project("{FAE04EC0-301F-11D3-BF4B-00C04F79EFBC}") = "WeatherApp", "WeatherApp\WeatherApp\WeatherApp.csproj", "{AA85925F-2FC9-4597-AC28-D2ADE3F6C225}"
EndProject
Global
	GlobalSection(SolutionConfigurationPlatforms) = preSolution
		Ad-Hoc|Any CPU = Ad-Hoc|Any CPU
		Ad-Hoc|iPhone = Ad-Hoc|iPhone
		Ad-Hoc|iPhoneSimulator = Ad-Hoc|iPhoneSimulator
		AppStore|Any CPU = AppStore|Any CPU
		AppStore|iPhone = AppStore|iPhone
		AppStore|iPhoneSimulator = AppStore|iPhoneSimulator
		Debug|Any CPU = Debug|Any CPU
		Debug|iPhone = Debug|iPhone
		Debug|iPhoneSimulator = Debug|iPhoneSimulator
		Release|Any CPU = Release|Any CPU
		Release|iPhone = Release|iPhone
		Release|iPhoneSimulator = Release|iPhoneSimulator
	EndGlobalSection
	GlobalSection(ProjectConfigurationPlatforms) = postSolution
		{A9BFE777-656D-4332-8D29-E7E2E89A4230}.Ad-Hoc|Any CPU.ActiveCfg = Release|Any CPU
		{A9BFE777-656D-4332-8D29-E7E2E89A4230}.Ad-Hoc|Any CPU.Build.0 = Release|Any CPU
		{A9BFE777-656D-4332-8D29-E7E2E89A4230}.Ad-Hoc|Any CPU.Deploy.0 = Release|Any CPU
		{A9BFE777-656D-4332-8D29-E7E2E89A4230}.Ad-Hoc|iPhone.ActiveCfg = Release|Any CPU
		{A9BFE777-656D-4332-8D29-E7E2E89A4230}.Ad-Hoc|iPhone.Build.0 = Release|Any CPU
		{A9BFE777-656D-4332-8D29-E7E2E89A4230}.Ad-Hoc|iPhone.Deploy.0 = Release|Any CPU
		{A9BFE777-656D-4332-8D29-E7E2E89A4230}.Ad-Hoc|iPhoneSimulator.ActiveCfg = Release|Any CPU
		{A9BFE777-656D-4332-8D29-E7E2E89A4230}.Ad-Hoc|iPhoneSimulator.Build.0 = Release|Any CPU
		{A9BFE777-656D-4332-8D29-E7E2E89A4230}.Ad-Hoc|iPhoneSimulator.Deploy.0 = Release|Any CPU
		{A9BFE777-656D-4332-8D29-E7E2E89A4230}.AppStore|Any CPU.ActiveCfg = Release|Any CPU
		{A9BFE777-656D-4332-8D29-E7E2E89A4230}.AppStore|Any CPU.Build.0 = Release|Any CPU
		{A9BFE777-656D-4332-8D29-E7E2E89A4230}.AppStore|Any CPU.Deploy.0 = Release|Any CPU
		{A9BFE777-656D-4332-8D29-E7E2E89A4230}.AppStore|iPhone.ActiveCfg = Release|Any CPU
		{A9BFE777-656D-4332-8D29-E7E2E89A4230}.AppStore|iPhone.Build.0 = Release|Any CPU
		{A9BFE777-656D-4332-8D29-E7E2E89A4230}.AppStore|iPhone.Deploy.0 = Release|Any CPU
		{A9BFE777-656D-4332-8D29-E7E2E89A4230}.AppStore|iPhoneSimulator.ActiveCfg = Release|Any CPU
		{A9BFE777-656D-4332-8D29-E7E2E89A4230}.AppStore|iPhoneSimulator.Build.0 = Release|Any CPU
		{A9BFE777-656D-4332-8D29-E7E2E89A4230}.AppStore|iPhoneSimulator.Deploy.0 = Release|Any CPU
		{A9BFE777-656D-4332-8D29-E7E2E89A4230}.Debug|Any CPU.ActiveCfg = Debug|Any CPU
		{A9BFE777-656D-4332-8D29-E7E2E89A4230}.Debug|Any CPU.Build.0 = Debug|Any CPU
		{A9BFE777-656D-4332-8D29-E7E2E89A4230}.Debug|Any CPU.Deploy.0 = Debug|Any CPU
		{A9BFE777-656D-4332-8D29-E7E2E89A4230}.Debug|iPhone.ActiveCfg = Debug|Any CPU
		{A9BFE777-656D-4332-8D29-E7E2E89A4230}.Debug|iPhone.Build.0 = Debug|Any CPU
		{A9BFE777-656D-4332-8D29-E7E2E89A4230}.Debug|iPhone.Deploy.0 = Debug|Any CPU
		{A9BFE777-656D-4332-8D29-E7E2E89A4230}.Debug|iPhoneSimulator.ActiveCfg = Debug|Any CPU
		{A9BFE777-656D-4332-8D29-E7E2E89A4230}.Debug|iPhoneSimulator.Build.0 = Debug|Any CPU
		{A9BFE777-656D-4332-8D29-E7E2E89A4230}.Debug|iPhoneSimulator.Deploy.0 = Debug|Any CPU
		{A9BFE777-656D-4332-8D29-E7E2E89A4230}.Release|Any CPU.ActiveCfg = Release|Any CPU
		{A9BFE777-656D-4332-8D29-E7E2E89A4230}.Release|Any CPU.Build.0 = Release|Any CPU
		{A9BFE777-656D-4332-8D29-E7E2E89A4230}.Release|Any CPU.Deploy.0 = Release|Any CPU
		{A9BFE777-656D-4332-8D29-E7E2E89A4230}.Release|iPhone.ActiveCfg = Release|Any CPU
		{A9BFE777-656D-4332-8D29-E7E2E89A4230}.Release|iPhone.Build.0 = Release|Any CPU
		{A9BFE777-656D-4332-8D29-E7E2E89A4230}.Release|iPhone.Deploy.0 = Release|Any CPU
		{A9BFE777-656D-4332-8D29-E7E2E89A4230}.Release|iPhoneSimulator.ActiveCfg = Release|Any CPU
		{A9BFE777-656D-4332-8D29-E7E2E89A4230}.Release|iPhoneSimulator.Build.0 = Release|Any CPU
		{A9BFE777-656D-4332-8D29-E7E2E89A4230}.Release|iPhoneSimulator.Deploy.0 = Release|Any CPU
		{B4B0A148-755C-4D76-9953-DAD6A8D31930}.Ad-Hoc|Any CPU.ActiveCfg = Ad-Hoc|iPhone
		{B4B0A148-755C-4D76-9953-DAD6A8D31930}.Ad-Hoc|Any CPU.Build.0 = Ad-Hoc|iPhone
		{B4B0A148-755C-4D76-9953-DAD6A8D31930}.Ad-Hoc|Any CPU.Deploy.0 = Ad-Hoc|iPhone
		{B4B0A148-755C-4D76-9953-DAD6A8D31930}.Ad-Hoc|iPhone.ActiveCfg = Ad-Hoc|iPhone
		{B4B0A148-755C-4D76-9953-DAD6A8D31930}.Ad-Hoc|iPhone.Build.0 = Ad-Hoc|iPhone
		{B4B0A148-755C-4D76-9953-DAD6A8D31930}.Ad-Hoc|iPhone.Deploy.0 = Ad-Hoc|iPhone
		{B4B0A148-755C-4D76-9953-DAD6A8D31930}.Ad-Hoc|iPhoneSimulator.ActiveCfg = Ad-Hoc|iPhoneSimulator
		{B4B0A148-755C-4D76-9953-DAD6A8D31930}.Ad-Hoc|iPhoneSimulator.Build.0 = Ad-Hoc|iPhoneSimulator
		{B4B0A148-755C-4D76-9953-DAD6A8D31930}.Ad-Hoc|iPhoneSimulator.Deploy.0 = Ad-Hoc|iPhoneSimulator
		{B4B0A148-755C-4D76-9953-DAD6A8D31930}.AppStore|Any CPU.ActiveCfg = AppStore|iPhone
		{B4B0A148-755C-4D76-9953-DAD6A8D31930}.AppStore|Any CPU.Build.0 = AppStore|iPhone
		{B4B0A148-755C-4D76-9953-DAD6A8D31930}.AppStore|Any CPU.Deploy.0 = AppStore|iPhone
		{B4B0A148-755C-4D76-9953-DAD6A8D31930}.AppStore|iPhone.ActiveCfg = AppStore|iPhone
		{B4B0A148-755C-4D76-9953-DAD6A8D31930}.AppStore|iPhone.Build.0 = AppStore|iPhone
		{B4B0A148-755C-4D76-9953-DAD6A8D31930}.AppStore|iPhone.Deploy.0 = AppStore|iPhone
		{B4B0A148-755C-4D76-9953-DAD6A8D31930}.AppStore|iPhoneSimulator.ActiveCfg = AppStore|iPhoneSimulator
		{B4B0A148-755C-4D76-9953-DAD6A8D31930}.AppStore|iPhoneSimulator.Build.0 = AppStore|iPhoneSimulator
		{B4B0A148-755C-4D76-9953-DAD6A8D31930}.AppStore|iPhoneSimulator.Deploy.0 = AppStore|iPhoneSimulator
		{B4B0A148-755C-4D76-9953-DAD6A8D31930}.Debug|Any CPU.ActiveCfg = Debug|iPhoneSimulator
		{B4B0A148-755C-4D76-9953-DAD6A8D31930}.Debug|Any CPU.Build.0 = Debug|iPhoneSimulator
		{B4B0A148-755C-4D76-9953-DAD6A8D31930}.Debug|Any CPU.Deploy.0 = Debug|iPhoneSimulator
		{B4B0A148-755C-4D76-9953-DAD6A8D31930}.Debug|iPhone.ActiveCfg = Debug|iPhone
		{B4B0A148-755C-4D76-9953-DAD6A8D31930}.Debug|iPhone.Build.0 = Debug|iPhone
		{B4B0A148-755C-4D76-9953-DAD6A8D31930}.Debug|iPhone.Deploy.0 = Debug|iPhone
		{B4B0A148-755C-4D76-9953-DAD6A8D31930}.Debug|iPhoneSimulator.ActiveCfg = Debug|iPhoneSimulator
		{B4B0A148-755C-4D76-9953-DAD6A8D31930}.Debug|iPhoneSimulator.Build.0 = Debug|iPhoneSimulator
		{B4B0A148-755C-4D76-9953-DAD6A8D31930}.Debug|iPhoneSimulator.Deploy.0 = Debug|iPhoneSimulator
		{B4B0A148-755C-4D76-9953-DAD6A8D31930}.Release|Any CPU.ActiveCfg = Release|iPhone
		{B4B0A148-755C-4D76-9953-DAD6A8D31930}.Release|Any CPU.Build.0 = Release|iPhone
		{B4B0A148-755C-4D76-9953-DAD6A8D31930}.Release|Any CPU.Deploy.0 = Release|iPhone
		{B4B0A148-755C-4D76-9953-DAD6A8D31930}.Release|iPhone.ActiveCfg = Release|iPhone
		{B4B0A148-755C-4D76-9953-DAD6A8D31930}.Release|iPhone.Build.0 = Release|iPhone
		{B4B0A148-755C-4D76-9953-DAD6A8D31930}.Release|iPhone.Deploy.0 = Release|iPhone
		{B4B0A148-755C-4D76-9953-DAD6A8D31930}.Release|iPhoneSimulator.ActiveCfg = Release|iPhoneSimulator
		{B4B0A148-755C-4D76-9953-DAD6A8D31930}.Release|iPhoneSimulator.Build.0 = Release|iPhoneSimulator
		{B4B0A148-755C-4D76-9953-DAD6A8D31930}.Release|iPhoneSimulator.Deploy.0 = Release|iPhoneSimulator
		{AA85925F-2FC9-4597-AC28-D2ADE3F6C225}.Ad-Hoc|Any CPU.ActiveCfg = Debug|Any CPU
		{AA85925F-2FC9-4597-AC28-D2ADE3F6C225}.Ad-Hoc|Any CPU.Build.0 = Debug|Any CPU
		{AA85925F-2FC9-4597-AC28-D2ADE3F6C225}.Ad-Hoc|Any CPU.Deploy.0 = Debug|Any CPU
		{AA85925F-2FC9-4597-AC28-D2ADE3F6C225}.Ad-Hoc|iPhone.ActiveCfg = Debug|Any CPU
		{AA85925F-2FC9-4597-AC28-D2ADE3F6C225}.Ad-Hoc|iPhone.Build.0 = Debug|Any CPU
		{AA85925F-2FC9-4597-AC28-D2ADE3F6C225}.Ad-Hoc|iPhone.Deploy.0 = Debug|Any CPU
		{AA85925F-2FC9-4597-AC28-D2ADE3F6C225}.Ad-Hoc|iPhoneSimulator.ActiveCfg = Debug|Any CPU
		{AA85925F-2FC9-4597-AC28-D2ADE3F6C225}.Ad-Hoc|iPhoneSimulator.Build.0 = Debug|Any CPU
		{AA85925F-2FC9-4597-AC28-D2ADE3F6C225}.Ad-Hoc|iPhoneSimulator.Deploy.0 = Debug|Any CPU
		{AA85925F-2FC9-4597-AC28-D2ADE3F6C225}.AppStore|Any CPU.ActiveCfg = Debug|Any CPU
		{AA85925F-2FC9-4597-AC28-D2ADE3F6C225}.AppStore|Any CPU.Build.0 = Debug|Any CPU
		{AA85925F-2FC9-4597-AC28-D2ADE3F6C225}.AppStore|Any CPU.Deploy.0 = Debug|Any CPU
		{AA85925F-2FC9-4597-AC28-D2ADE3F6C225}.AppStore|iPhone.ActiveCfg = Debug|Any CPU
		{AA85925F-2FC9-4597-AC28-D2ADE3F6C225}.AppStore|iPhone.Build.0 = Debug|Any CPU
		{AA85925F-2FC9-4597-AC28-D2ADE3F6C225}.AppStore|iPhone.Deploy.0 = Debug|Any CPU
		{AA85925F-2FC9-4597-AC28-D2ADE3F6C225}.AppStore|iPhoneSimulator.ActiveCfg = Debug|Any CPU
		{AA85925F-2FC9-4597-AC28-D2ADE3F6C225}.AppStore|iPhoneSimulator.Build.0 = Debug|Any CPU
		{AA85925F-2FC9-4597-AC28-D2ADE3F6C225}.AppStore|iPhoneSimulator.Deploy.0 = Debug|Any CPU
		{AA85925F-2FC9-4597-AC28-D2ADE3F6C225}.Debug|Any CPU.ActiveCfg = Debug|Any CPU
		{AA85925F-2FC9-4597-AC28-D2ADE3F6C225}.Debug|Any CPU.Build.0 = Debug|Any CPU
		{AA85925F-2FC9-4597-AC28-D2ADE3F6C225}.Debug|Any CPU.Deploy.0 = Debug|Any CPU
		{AA85925F-2FC9-4597-AC28-D2ADE3F6C225}.Debug|iPhone.ActiveCfg = Debug|Any CPU
		{AA85925F-2FC9-4597-AC28-D2ADE3F6C225}.Debug|iPhone.Build.0 = Debug|Any CPU
		{AA85925F-2FC9-4597-AC28-D2ADE3F6C225}.Debug|iPhone.Deploy.0 = Debug|Any CPU
		{AA85925F-2FC9-4597-AC28-D2ADE3F6C225}.Debug|iPhoneSimulator.ActiveCfg = Debug|Any CPU
		{AA85925F-2FC9-4597-AC28-D2ADE3F6C225}.Debug|iPhoneSimulator.Build.0 = Debug|Any CPU
		{AA85925F-2FC9-4597-AC28-D2ADE3F6C225}.Debug|iPhoneSimulator.Deploy.0 = Debug|Any CPU
		{AA85925F-2FC9-4597-AC28-D2ADE3F6C225}.Release|Any CPU.ActiveCfg = Release|Any CPU
		{AA85925F-2FC9-4597-AC28-D2ADE3F6C225}.Release|Any CPU.Build.0 = Release|Any CPU
		{AA85925F-2FC9-4597-AC28-D2ADE3F6C225}.Release|Any CPU.Deploy.0 = Release|Any CPU
		{AA85925F-2FC9-4597-AC28-D2ADE3F6C225}.Release|iPhone.ActiveCfg = Release|Any CPU
		{AA85925F-2FC9-4597-AC28-D2ADE3F6C225}.Release|iPhone.Build.0 = Release|Any CPU
		{AA85925F-2FC9-4597-AC28-D2ADE3F6C225}.Release|iPhone.Deploy.0 = Release|Any CPU
		{AA85925F-2FC9-4597-AC28-D2ADE3F6C225}.Release|iPhoneSimulator.ActiveCfg = Release|Any CPU
		{AA85925F-2FC9-4597-AC28-D2ADE3F6C225}.Release|iPhoneSimulator.Build.0 = Release|Any CPU
		{AA85925F-2FC9-4597-AC28-D2ADE3F6C225}.Release|iPhoneSimulator.Deploy.0 = Release|Any CPU
	EndGlobalSection
	GlobalSection(SolutionProperties) = preSolution
		HideSolutionNode = FALSE
	EndGlobalSection
	GlobalSection(ExtensibilityGlobals) = postSolution
		SolutionGuid = {DEA261AA-4C9C-4113-A4E4-39D10B262B3A}
	EndGlobalSection
EndGlobal
